
Microsoft Visual Studio Solution File, Format Version 12.00
# Visual Studio Version 16
VisualStudioVersion = 16.0.29613.14
MinimumVisualStudioVersion = 10.0.40219.1
Project("{FAE04EC0-301F-11D3-BF4B-00C04F79EFBC}") = "MultithreadedBatcher", "MultithreadedBatcher.csproj", "{09B31052-0E1E-46A5-BF6F-95B87D36BA21}"
EndProject
Global
	GlobalSection(SolutionConfigurationPlatforms) = preSolution
		Debug|Any CPU = Debug|Any CPU
		Release|Any CPU = Release|Any CPU
	EndGlobalSection
	GlobalSection(ProjectConfigurationPlatforms) = postSolution
		{09B31052-0E1E-46A5-BF6F-95B87D36BA21}.Debug|Any CPU.ActiveCfg = Debug|Any CPU
		{09B31052-0E1E-46A5-BF6F-95B87D36BA21}.Debug|Any CPU.Build.0 = Debug|Any CPU
		{09B31052-0E1E-46A5-BF6F-95B87D36BA21}.Release|Any CPU.ActiveCfg = Release|Any CPU
		{09B31052-0E1E-46A5-BF6F-95B87D36BA21}.Release|Any CPU.Build.0 = Release|Any CPU
	EndGlobalSection
	GlobalSection(SolutionProperties) = preSolution
		HideSolutionNode = FALSE
	EndGlobalSection
	GlobalSection(ExtensibilityGlobals) = postSolution
		SolutionGuid = {F56D0937-49DC-4406-A4DA-D817829A3C06}
	EndGlobalSection
EndGlobal
